
Microsoft Visual Studio Solution File, Format Version 12.00
# Visual Studio Version 16
VisualStudioVersion = 16.0.31205.134
MinimumVisualStudioVersion = 10.0.40219.1
Project("{9A19103F-16F7-4668-BE54-9A1E7A4F7556}") = "VikingRejseApp", "VikingRejseApp\VikingRejseApp.csproj", "{C984A959-2FE0-4502-8092-D9AC39B54C51}"
EndProject
Project("{9A19103F-16F7-4668-BE54-9A1E7A4F7556}") = "UnitTest-VikingRejse", "UnitTest-VikingRejse\UnitTest-VikingRejse.csproj", "{E6E7E11F-6B34-4C20-900B-AE80405498E7}"
EndProject
Project("{FAE04EC0-301F-11D3-BF4B-00C04F79EFBC}") = "Rejse_Classes", "Rejse_Classes\Rejse_Classes.csproj", "{D90CF438-6EEF-4E17-A2F2-EEFFCBD35734}"
EndProject
Project("{FAE04EC0-301F-11D3-BF4B-00C04F79EFBC}") = "FuncLayer", "FuncLayer\FuncLayer.csproj", "{3C2A07FE-1B06-485B-80CC-522E490FAC8F}"
EndProject
Project("{FAE04EC0-301F-11D3-BF4B-00C04F79EFBC}") = "DataLayer_Classes", "DataLayer_Classes\DataLayer_Classes.csproj", "{902AF1E3-C15A-4195-A468-C422D49ABA05}"
EndProject
Global
	GlobalSection(SolutionConfigurationPlatforms) = preSolution
		Debug|Any CPU = Debug|Any CPU
		Release|Any CPU = Release|Any CPU
	EndGlobalSection
	GlobalSection(ProjectConfigurationPlatforms) = postSolution
		{C984A959-2FE0-4502-8092-D9AC39B54C51}.Debug|Any CPU.ActiveCfg = Debug|Any CPU
		{C984A959-2FE0-4502-8092-D9AC39B54C51}.Debug|Any CPU.Build.0 = Debug|Any CPU
		{C984A959-2FE0-4502-8092-D9AC39B54C51}.Release|Any CPU.ActiveCfg = Release|Any CPU
		{C984A959-2FE0-4502-8092-D9AC39B54C51}.Release|Any CPU.Build.0 = Release|Any CPU
		{E6E7E11F-6B34-4C20-900B-AE80405498E7}.Debug|Any CPU.ActiveCfg = Debug|Any CPU
		{E6E7E11F-6B34-4C20-900B-AE80405498E7}.Debug|Any CPU.Build.0 = Debug|Any CPU
		{E6E7E11F-6B34-4C20-900B-AE80405498E7}.Release|Any CPU.ActiveCfg = Release|Any CPU
		{E6E7E11F-6B34-4C20-900B-AE80405498E7}.Release|Any CPU.Build.0 = Release|Any CPU
		{D90CF438-6EEF-4E17-A2F2-EEFFCBD35734}.Debug|Any CPU.ActiveCfg = Debug|Any CPU
		{D90CF438-6EEF-4E17-A2F2-EEFFCBD35734}.Debug|Any CPU.Build.0 = Debug|Any CPU
		{D90CF438-6EEF-4E17-A2F2-EEFFCBD35734}.Release|Any CPU.ActiveCfg = Release|Any CPU
		{D90CF438-6EEF-4E17-A2F2-EEFFCBD35734}.Release|Any CPU.Build.0 = Release|Any CPU
		{3C2A07FE-1B06-485B-80CC-522E490FAC8F}.Debug|Any CPU.ActiveCfg = Debug|Any CPU
		{3C2A07FE-1B06-485B-80CC-522E490FAC8F}.Debug|Any CPU.Build.0 = Debug|Any CPU
		{3C2A07FE-1B06-485B-80CC-522E490FAC8F}.Release|Any CPU.ActiveCfg = Release|Any CPU
		{3C2A07FE-1B06-485B-80CC-522E490FAC8F}.Release|Any CPU.Build.0 = Release|Any CPU
		{902AF1E3-C15A-4195-A468-C422D49ABA05}.Debug|Any CPU.ActiveCfg = Debug|Any CPU
		{902AF1E3-C15A-4195-A468-C422D49ABA05}.Debug|Any CPU.Build.0 = Debug|Any CPU
		{902AF1E3-C15A-4195-A468-C422D49ABA05}.Release|Any CPU.ActiveCfg = Release|Any CPU
		{902AF1E3-C15A-4195-A468-C422D49ABA05}.Release|Any CPU.Build.0 = Release|Any CPU
	EndGlobalSection
	GlobalSection(SolutionProperties) = preSolution
		HideSolutionNode = FALSE
	EndGlobalSection
	GlobalSection(ExtensibilityGlobals) = postSolution
		SolutionGuid = {2B8C7A31-8B0F-49A1-8FD9-2062FCB75723}
	EndGlobalSection
EndGlobal
